
Microsoft Visual Studio Solution File, Format Version 12.00
# Visual Studio Version 17
VisualStudioVersion = 17.5.33530.505
MinimumVisualStudioVersion = 10.0.40219.1
Project("{FAE04EC0-301F-11D3-BF4B-00C04F79EFBC}") = "textfile", "Evaluation Menager\textfile.csproj", "{90CDDA27-4EF4-4286-83E4-E9EB567931F4}"
EndProject
Global
	GlobalSection(SolutionConfigurationPlatforms) = preSolution
		Debug|Any CPU = Debug|Any CPU
		Release|Any CPU = Release|Any CPU
	EndGlobalSection
	GlobalSection(ProjectConfigurationPlatforms) = postSolution
		{90CDDA27-4EF4-4286-83E4-E9EB567931F4}.Debug|Any CPU.ActiveCfg = Debug|Any CPU
		{90CDDA27-4EF4-4286-83E4-E9EB567931F4}.Debug|Any CPU.Build.0 = Debug|Any CPU
		{90CDDA27-4EF4-4286-83E4-E9EB567931F4}.Release|Any CPU.ActiveCfg = Release|Any CPU
		{90CDDA27-4EF4-4286-83E4-E9EB567931F4}.Release|Any CPU.Build.0 = Release|Any CPU
	EndGlobalSection
	GlobalSection(SolutionProperties) = preSolution
		HideSolutionNode = FALSE
	EndGlobalSection
	GlobalSection(ExtensibilityGlobals) = postSolution
		SolutionGuid = {E7FBA6D1-9AB7-4811-8530-1D7E64EE4586}
	EndGlobalSection
EndGlobal
